
Microsoft Visual Studio Solution File, Format Version 12.00
# Visual Studio 15
VisualStudioVersion = 15.0.26730.12
MinimumVisualStudioVersion = 10.0.40219.1
Project("{FAE04EC0-301F-11D3-BF4B-00C04F79EFBC}") = "SportsStore", "SportsStore\SportsStore.csproj", "{DA02487D-BE78-4CA7-BFD0-F93958D98680}"
EndProject
Global
	GlobalSection(SolutionConfigurationPlatforms) = preSolution
		Debug|Any CPU = Debug|Any CPU
		Release|Any CPU = Release|Any CPU
	EndGlobalSection
	GlobalSection(ProjectConfigurationPlatforms) = postSolution
		{DA02487D-BE78-4CA7-BFD0-F93958D98680}.Debug|Any CPU.ActiveCfg = Debug|Any CPU
		{DA02487D-BE78-4CA7-BFD0-F93958D98680}.Debug|Any CPU.Build.0 = Debug|Any CPU
		{DA02487D-BE78-4CA7-BFD0-F93958D98680}.Release|Any CPU.ActiveCfg = Release|Any CPU
		{DA02487D-BE78-4CA7-BFD0-F93958D98680}.Release|Any CPU.Build.0 = Release|Any CPU
	EndGlobalSection
	GlobalSection(SolutionProperties) = preSolution
		HideSolutionNode = FALSE
	EndGlobalSection
	GlobalSection(ExtensibilityGlobals) = postSolution
		SolutionGuid = {7781CB7F-DB65-457B-BA7F-9A4ED3EE4071}
	EndGlobalSection
EndGlobal
